// !$*UTF8*$!
{
	archiveVersion = 1;
	classes = {
	};
	objectVersion = 46;
	objects = {

/* Begin PBXBuildFile section */
		C32293E71A690E620088FA0F /* AppDelegate.swift in Sources */ = {isa = PBXBuildFile; fileRef = C32293E61A690E620088FA0F /* AppDelegate.swift */; };
		C32293E91A690E620088FA0F /* ViewController.swift in Sources */ = {isa = PBXBuildFile; fileRef = C32293E81A690E620088FA0F /* ViewController.swift */; };
		C32293EC1A690E630088FA0F /* Main.storyboard in Resources */ = {isa = PBXBuildFile; fileRef = C32293EA1A690E630088FA0F /* Main.storyboard */; };
		C32293EE1A690E630088FA0F /* Images.xcassets in Resources */ = {isa = PBXBuildFile; fileRef = C32293ED1A690E630088FA0F /* Images.xcassets */; };
		C32293F11A690E630088FA0F /* LaunchScreen.xib in Resources */ = {isa = PBXBuildFile; fileRef = C32293EF1A690E630088FA0F /* LaunchScreen.xib */; };
		C32293FD1A690E630088FA0F /* InstaDownloaderTests.swift in Sources */ = {isa = PBXBuildFile; fileRef = C32293FC1A690E630088FA0F /* InstaDownloaderTests.swift */; };
/* End PBXBuildFile section */

/* Begin PBXContainerItemProxy section */
		C32293F71A690E630088FA0F /* PBXContainerItemProxy */ = {
			isa = PBXContainerItemProxy;
			containerPortal = C32293D91A690E620088FA0F /* Project object */;
			proxyType = 1;
			remoteGlobalIDString = C32293E01A690E620088FA0F;
			remoteInfo = InstaDownloader;
		};
/* End PBXContainerItemProxy section */

/* Begin PBXFileReference section */
		C32293E11A690E620088FA0F /* InstaDownloader.app */ = {isa = PBXFileReference; explicitFileType = wrapper.application; includeInIndex = 0; path = InstaDownloader.app; sourceTree = BUILT_PRODUCTS_DIR; };
		C32293E51A690E620088FA0F /* Info.plist */ = {isa = PBXFileReference; lastKnownFileType = text.plist.xml; path = Info.plist; sourceTree = "<group>"; };
		C32293E61A690E620088FA0F /* AppDelegate.swift */ = {isa = PBXFileReference; lastKnownFileType = sourcecode.swift; path = AppDelegate.swift; sourceTree = "<group>"; };
		C32293E81A690E620088FA0F /* ViewController.swift */ = {isa = PBXFileReference; lastKnownFileType = sourcecode.swift; path = ViewController.swift; sourceTree = "<group>"; };
		C32293EB1A690E630088FA0F /* Base */ = {isa = PBXFileReference; lastKnownFileType = file.storyboard; name = Base; path = Base.lproj/Main.storyboard; sourceTree = "<group>"; };
		C32293ED1A690E630088FA0F /* Images.xcassets */ = {isa = PBXFileReference; lastKnownFileType = folder.assetcatalog; path = Images.xcassets; sourceTree = "<group>"; };
		C32293F01A690E630088FA0F /* Base */ = {isa = PBXFileReference; lastKnownFileType = file.xib; name = Base; path = Base.lproj/LaunchScreen.xib; sourceTree = "<group>"; };
		C32293F61A690E630088FA0F /* InstaDownloaderTests.xctest */ = {isa = PBXFileReference; explicitFileType = wrapper.cfbundle; includeInIndex = 0; path = InstaDownloaderTests.xctest; sourceTree = BUILT_PRODUCTS_DIR; };
		C32293FB1A690E630088FA0F /* Info.plist */ = {isa = PBXFileReference; lastKnownFileType = text.plist.xml; path = Info.plist; sourceTree = "<group>"; };
		C32293FC1A690E630088FA0F /* InstaDownloaderTests.swift */ = {isa = PBXFileReference; lastKnownFileType = sourcecode.swift; path = InstaDownloaderTests.swift; sourceTree = "<group>"; };
/* End PBXFileReference section */

/* Begin PBXFrameworksBuildPhase section */
		C32293DE1A690E620088FA0F /* Frameworks */ = {
			isa = PBXFrameworksBuildPhase;
			buildActionMask = 2147483647;
			files = (
			);
			runOnlyForDeploymentPostprocessing = 0;
		};
		C32293F31A690E630088FA0F /* Frameworks */ = {
			isa = PBXFrameworksBuildPhase;
			buildActionMask = 2147483647;
			files = (
			);
			runOnlyForDeploymentPostprocessing = 0;
		};
/* End PBXFrameworksBuildPhase section */

/* Begin PBXGroup section */
		C32293D81A690E620088FA0F = {
			isa = PBXGroup;
			children = (
				C32293E31A690E620088FA0F /* InstaDownloader */,
				C32293F91A690E630088FA0F /* InstaDownloaderTests */,
				C32293E21A690E620088FA0F /* Products */,
			);
			sourceTree = "<group>";
		};
		C32293E21A690E620088FA0F /* Products */ = {
			isa = PBXGroup;
			children = (
				C32293E11A690E620088FA0F /* InstaDownloader.app */,
				C32293F61A690E630088FA0F /* InstaDownloaderTests.xctest */,
			);
			name = Products;
			sourceTree = "<group>";
		};
		C32293E31A690E620088FA0F /* InstaDownloader */ = {
			isa = PBXGroup;
			children = (
				C32293E61A690E620088FA0F /* AppDelegate.swift */,
				C32293E81A690E620088FA0F /* ViewController.swift */,
				C32293EA1A690E630088FA0F /* Main.storyboard */,
				C32293ED1A690E630088FA0F /* Images.xcassets */,
				C32293EF1A690E630088FA0F /* LaunchScreen.xib */,
				C32293E41A690E620088FA0F /* Supporting Files */,
			);
			path = InstaDownloader;
			sourceTree = "<group>";
		};
		C32293E41A690E620088FA0F /* Supporting Files */ = {
			isa = PBXGroup;
			children = (
				C32293E51A690E620088FA0F /* Info.plist */,
			);
			name = "Supporting Files";
			sourceTree = "<group>";
		};
		C32293F91A690E630088FA0F /* InstaDownloaderTests */ = {
			isa = PBXGroup;
			children = (
				C32293FC1A690E630088FA0F /* InstaDownloaderTests.swift */,
				C32293FA1A690E630088FA0F /* Supporting Files */,
			);
			path = InstaDownloaderTests;
			sourceTree = "<group>";
		};
		C32293FA1A690E630088FA0F /* Supporting Files */ = {
			isa = PBXGroup;
			children = (
				C32293FB1A690E630088FA0F /* Info.plist */,
			);
			name = "Supporting Files";
			sourceTree = "<group>";
		};
/* End PBXGroup section */

/* Begin PBXNativeTarget section */
		C32293E01A690E620088FA0F /* InstaDownloader */ = {
			isa = PBXNativeTarget;
			buildConfigurationList = C32294001A690E630088FA0F /* Build configuration list for PBXNativeTarget "InstaDownloader" */;
			buildPhases = (
				C32293DD1A690E620088FA0F /* Sources */,
				C32293DE1A690E620088FA0F /* Frameworks */,
				C32293DF1A690E620088FA0F /* Resources */,
			);
			buildRules = (
			);
			dependencies = (
			);
			name = InstaDownloader;
			productName = InstaDownloader;
			productReference = C32293E11A690E620088FA0F /* InstaDownloader.app */;
			productType = "com.apple.product-type.application";
		};
		C32293F51A690E630088FA0F /* InstaDownloaderTests */ = {
			isa = PBXNativeTarget;
			buildConfigurationList = C32294031A690E630088FA0F /* Build configuration list for PBXNativeTarget "InstaDownloaderTests" */;
			buildPhases = (
				C32293F21A690E630088FA0F /* Sources */,
				C32293F31A690E630088FA0F /* Frameworks */,
				C32293F41A690E630088FA0F /* Resources */,
			);
			buildRules = (
			);
			dependencies = (
				C32293F81A690E630088FA0F /* PBXTargetDependency */,
			);
			name = InstaDownloaderTests;
			productName = InstaDownloaderTests;
			productReference = C32293F61A690E630088FA0F /* InstaDownloaderTests.xctest */;
			productType = "com.apple.product-type.bundle.unit-test";
		};
/* End PBXNativeTarget section */

/* Begin PBXProject section */
		C32293D91A690E620088FA0F /* Project object */ = {
			isa = PBXProject;
			attributes = {
				LastUpgradeCheck = 0610;
				ORGANIZATIONNAME = "Ekrem Doğan";
				TargetAttributes = {
					C32293E01A690E620088FA0F = {
						CreatedOnToolsVersion = 6.1.1;
					};
					C32293F51A690E630088FA0F = {
						CreatedOnToolsVersion = 6.1.1;
						TestTargetID = C32293E01A690E620088FA0F;
					};
				};
			};
			buildConfigurationList = C32293DC1A690E620088FA0F /* Build configuration list for PBXProject "InstaDownloader" */;
			compatibilityVersion = "Xcode 3.2";
			developmentRegion = English;
			hasScannedForEncodings = 0;
			knownRegions = (
				en,
				Base,
			);
			mainGroup = C32293D81A690E620088FA0F;
			productRefGroup = C32293E21A690E620088FA0F /* Products */;
			projectDirPath = "";
			projectRoot = "";
			targets = (
				C32293E01A690E620088FA0F /* InstaDownloader */,
				C32293F51A690E630088FA0F /* InstaDownloaderTests */,
			);
		};
/* End PBXProject section */

/* Begin PBXResourcesBuildPhase section */
		C32293DF1A690E620088FA0F /* Resources */ = {
			isa = PBXResourcesBuildPhase;
			buildActionMask = 2147483647;
			files = (
				C32293EC1A690E630088FA0F /* Main.storyboard in Resources */,
				C32293F11A690E630088FA0F /* LaunchScreen.xib in Resources */,
				C32293EE1A690E630088FA0F /* Images.xcassets in Resources */,
			);
			runOnlyForDeploymentPostprocessing = 0;
		};
		C32293F41A690E630088FA0F /* Resources */ = {
			isa = PBXResourcesBuildPhase;
			buildActionMask = 2147483647;
			files = (
			);
			runOnlyForDeploymentPostprocessing = 0;
		};
/* End PBXResourcesBuildPhase section */

/* Begin PBXSourcesBuildPhase section */
		C32293DD1A690E620088FA0F /* Sources */ = {
			isa = PBXSourcesBuildPhase;
			buildActionMask = 2147483647;
			files = (
				C32293E91A690E620088FA0F /* ViewController.swift in Sources */,
				C32293E71A690E620088FA0F /* AppDelegate.swift in Sources */,
			);
			runOnlyForDeploymentPostprocessing = 0;
		};
		C32293F21A690E630088FA0F /* Sources */ = {
			isa = PBXSourcesBuildPhase;
			buildActionMask = 2147483647;
			files = (
				C32293FD1A690E630088FA0F /* InstaDownloaderTests.swift in Sources */,
			);
			runOnlyForDeploymentPostprocessing = 0;
		};
/* End PBXSourcesBuildPhase section */

/* Begin PBXTargetDependency section */
		C32293F81A690E630088FA0F /* PBXTargetDependency */ = {
			isa = PBXTargetDependency;
			target = C32293E01A690E620088FA0F /* InstaDownloader */;
			targetProxy = C32293F71A690E630088FA0F /* PBXContainerItemProxy */;
		};
/* End PBXTargetDependency section */

/* Begin PBXVariantGroup section */
		C32293EA1A690E630088FA0F /* Main.storyboard */ = {
			isa = PBXVariantGroup;
			children = (
				C32293EB1A690E630088FA0F /* Base */,
			);
			name = Main.storyboard;
			sourceTree = "<group>";
		};
		C32293EF1A690E630088FA0F /* LaunchScreen.xib */ = {
			isa = PBXVariantGroup;
			children = (
				C32293F01A690E630088FA0F /* Base */,
			);
			name = LaunchScreen.xib;
			sourceTree = "<group>";
		};
/* End PBXVariantGroup section */

/* Begin XCBuildConfiguration section */
		C32293FE1A690E630088FA0F /* Debug */ = {
			isa = XCBuildConfiguration;
			buildSettings = {
				ALWAYS_SEARCH_USER_PATHS = NO;
				CLANG_CXX_LANGUAGE_STANDARD = "gnu++0x";
				CLANG_CXX_LIBRARY = "libc++";
				CLANG_ENABLE_MODULES = YES;
				CLANG_ENABLE_OBJC_ARC = YES;
				CLANG_WARN_BOOL_CONVERSION = YES;
				CLANG_WARN_CONSTANT_CONVERSION = YES;
				CLANG_WARN_DIRECT_OBJC_ISA_USAGE = YES_ERROR;
				CLANG_WARN_EMPTY_BODY = YES;
				CLANG_WARN_ENUM_CONVERSION = YES;
				CLANG_WARN_INT_CONVERSION = YES;
				CLANG_WARN_OBJC_ROOT_CLASS = YES_ERROR;
				CLANG_WARN_UNREACHABLE_CODE = YES;
				CLANG_WARN__DUPLICATE_METHOD_MATCH = YES;
				"CODE_SIGN_IDENTITY[sdk=iphoneos*]" = "iPhone Developer";
				COPY_PHASE_STRIP = NO;
				ENABLE_STRICT_OBJC_MSGSEND = YES;
				GCC_C_LANGUAGE_STANDARD = gnu99;
				GCC_DYNAMIC_NO_PIC = NO;
				GCC_OPTIMIZATION_LEVEL = 0;
				GCC_PREPROCESSOR_DEFINITIONS = (
					"DEBUG=1",
					"$(inherited)",
				);
				GCC_SYMBOLS_PRIVATE_EXTERN = NO;
				GCC_WARN_64_TO_32_BIT_CONVERSION = YES;
				GCC_WARN_ABOUT_RETURN_TYPE = YES_ERROR;
				GCC_WARN_UNDECLARED_SELECTOR = YES;
				GCC_WARN_UNINITIALIZED_AUTOS = YES_AGGRESSIVE;
				GCC_WARN_UNUSED_FUNCTION = YES;
				GCC_WARN_UNUSED_VARIABLE = YES;
				IPHONEOS_DEPLOYMENT_TARGET = 8.1;
				MTL_ENABLE_DEBUG_INFO = YES;
				ONLY_ACTIVE_ARCH = YES;
				SDKROOT = iphoneos;
				SWIFT_OPTIMIZATION_LEVEL = "-Onone";
			};
			name = Debug;
		};
		C32293FF1A690E630088FA0F /* Release */ = {
			isa = XCBuildConfiguration;
			buildSettings = {
				ALWAYS_SEARCH_USER_PATHS = NO;
				CLANG_CXX_LANGUAGE_STANDARD = "gnu++0x";
				CLANG_CXX_LIBRARY = "libc++";
				CLANG_ENABLE_MODULES = YES;
				CLANG_ENABLE_OBJC_ARC = YES;
				CLANG_WARN_BOOL_CONVERSION = YES;
				CLANG_WARN_CONSTANT_CONVERSION = YES;
				CLANG_WARN_DIRECT_OBJC_ISA_USAGE = YES_ERROR;
				CLANG_WARN_EMPTY_BODY = YES;
				CLANG_WARN_ENUM_CONVERSION = YES;
				CLANG_WARN_INT_CONVERSION = YES;
				CLANG_WARN_OBJC_ROOT_CLASS = YES_ERROR;
				CLANG_WARN_UNREACHABLE_CODE = YES;
				CLANG_WARN__DUPLICATE_METHOD_MATCH = YES;
				"CODE_SIGN_IDENTITY[sdk=iphoneos*]" = "iPhone Developer";
				COPY_PHASE_STRIP = YES;
				ENABLE_NS_ASSERTIONS = NO;
				ENABLE_STRICT_OBJC_MSGSEND = YES;
				GCC_C_LANGUAGE_STANDARD = gnu99;
				GCC_WARN_64_TO_32_BIT_CONVERSION = YES;
				GCC_WARN_ABOUT_RETURN_TYPE = YES_ERROR;
				GCC_WARN_UNDECLARED_SELECTOR = YES;
				GCC_WARN_UNINITIALIZED_AUTOS = YES_AGGRESSIVE;
				GCC_WARN_UNUSED_FUNCTION = YES;
				GCC_WARN_UNUSED_VARIABLE = YES;
				IPHONEOS_DEPLOYMENT_TARGET = 8.1;
				MTL_ENABLE_DEBUG_INFO = NO;
				SDKROOT = iphoneos;
				VALIDATE_PRODUCT = YES;
			};
			name = Release;
		};
		C32294011A690E630088FA0F /* Debug */ = {
			isa = XCBuildConfiguration;
			buildSettings = {
				ASSETCATALOG_COMPILER_APPICON_NAME = AppIcon;
				INFOPLIST_FILE = InstaDownloader/Info.plist;
				LD_RUNPATH_SEARCH_PATHS = "$(inherited) @executable_path/Frameworks";
				PRODUCT_NAME = "$(TARGET_NAME)";
			};
			name = Debug;
		};
		C32294021A690E630088FA0F /* Release */ = {
			isa = XCBuildConfiguration;
			buildSettings = {
				ASSETCATALOG_COMPILER_APPICON_NAME = AppIcon;
				INFOPLIST_FILE = InstaDownloader/Info.plist;
				LD_RUNPATH_SEARCH_PATHS = "$(inherited) @executable_path/Frameworks";
				PRODUCT_NAME = "$(TARGET_NAME)";
			};
			name = Release;
		};
		C32294041A690E630088FA0F /* Debug */ = {
			isa = XCBuildConfiguration;
			buildSettings = {
				BUNDLE_LOADER = "$(TEST_HOST)";
				FRAMEWORK_SEARCH_PATHS = (
					"$(SDKROOT)/Developer/Library/Frameworks",
					"$(inherited)",
				);
				GCC_PREPROCESSOR_DEFINITIONS = (
					"DEBUG=1",
					"$(inherited)",
				);
				INFOPLIST_FILE = InstaDownloaderTests/Info.plist;
				LD_RUNPATH_SEARCH_PATHS = "$(inherited) @executable_path/Frameworks @loader_path/Frameworks";
				PRODUCT_NAME = "$(TARGET_NAME)";
				TEST_HOST = "$(BUILT_PRODUCTS_DIR)/InstaDownloader.app/InstaDownloader";
			};
			name = Debug;
		};
		C32294051A690E630088FA0F /* Release */ = {
			isa = XCBuildConfiguration;
			buildSettings = {
				BUNDLE_LOADER = "$(TEST_HOST)";
				FRAMEWORK_SEARCH_PATHS = (
					"$(SDKROOT)/Developer/Library/Frameworks",
					"$(inherited)",
				);
				INFOPLIST_FILE = InstaDownloaderTests/Info.plist;
				LD_RUNPATH_SEARCH_PATHS = "$(inherited) @executable_path/Frameworks @loader_path/Frameworks";
				PRODUCT_NAME = "$(TARGET_NAME)";
				TEST_HOST = "$(BUILT_PRODUCTS_DIR)/InstaDownloader.app/InstaDownloader";
			};
			name = Release;
		};
/* End XCBuildConfiguration section */

/* Begin XCConfigurationList section */
		C32293DC1A690E620088FA0F /* Build configuration list for PBXProject "InstaDownloader" */ = {
			isa = XCConfigurationList;
			buildConfigurations = (
				C32293FE1A690E630088FA0F /* Debug */,
				C32293FF1A690E630088FA0F /* Release */,
			);
			defaultConfigurationIsVisible = 0;
			defaultConfigurationName = Release;
		};
		C32294001A690E630088FA0F /* Build configuration list for PBXNativeTarget "InstaDownloader" */ = {
			isa = XCConfigurationList;
			buildConfigurations = (
				C32294011A690E630088FA0F /* Debug */,
				C32294021A690E630088FA0F /* Release */,
			);
			defaultConfigurationIsVisible = 0;
		};
		C32294031A690E630088FA0F /* Build configuration list for PBXNativeTarget "InstaDownloaderTests" */ = {
			isa = XCConfigurationList;
			buildConfigurations = (
				C32294041A690E630088FA0F /* Debug */,
				C32294051A690E630088FA0F /* Release */,
			);
			defaultConfigurationIsVisible = 0;
		};
/* End XCConfigurationList section */
	};
	rootObject = C32293D91A690E620088FA0F /* Project object */;
}
